
Microsoft Visual Studio Solution File, Format Version 12.00
# Visual Studio Version 17
VisualStudioVersion = 17.13.35825.156
MinimumVisualStudioVersion = 10.0.40219.1
Project("{2150E333-8FDC-42A3-9474-1A3956D46DE8}") = "FrontEnd", "FrontEnd", "{02EA681E-C7D8-13C7-8484-4AC65E1B71E8}"
EndProject
Project("{2150E333-8FDC-42A3-9474-1A3956D46DE8}") = "Services", "Services", "{C06DB18C-1A11-4548-9472-F907E000758A}"
EndProject
Project("{FAE04EC0-301F-11D3-BF4B-00C04F79EFBC}") = "GeekShopping.Web", "GeekShopping.Web\GeekShopping.Web.csproj", "{ABE88C00-9AB2-4233-A9AC-1A7683E9346C}"
EndProject
Project("{FAE04EC0-301F-11D3-BF4B-00C04F79EFBC}") = "GeekShopping.ProductAPI", "GeekShopping.ProductAPI\GeekShopping.ProductAPI.csproj", "{733D3E88-ACBA-49D1-999A-36D9091B44AE}"
EndProject
Project("{FAE04EC0-301F-11D3-BF4B-00C04F79EFBC}") = "GeekShopping.CartAPI", "GeekShopping.CartAPI\GeekShopping.CartAPI.csproj", "{F967D2F0-C275-4DD5-B522-BAA944A95DFB}"
EndProject
Global
	GlobalSection(SolutionConfigurationPlatforms) = preSolution
		Debug|Any CPU = Debug|Any CPU
		Release|Any CPU = Release|Any CPU
	EndGlobalSection
	GlobalSection(ProjectConfigurationPlatforms) = postSolution
		{ABE88C00-9AB2-4233-A9AC-1A7683E9346C}.Debug|Any CPU.ActiveCfg = Debug|Any CPU
		{ABE88C00-9AB2-4233-A9AC-1A7683E9346C}.Debug|Any CPU.Build.0 = Debug|Any CPU
		{ABE88C00-9AB2-4233-A9AC-1A7683E9346C}.Release|Any CPU.ActiveCfg = Release|Any CPU
		{ABE88C00-9AB2-4233-A9AC-1A7683E9346C}.Release|Any CPU.Build.0 = Release|Any CPU
		{733D3E88-ACBA-49D1-999A-36D9091B44AE}.Debug|Any CPU.ActiveCfg = Debug|Any CPU
		{733D3E88-ACBA-49D1-999A-36D9091B44AE}.Debug|Any CPU.Build.0 = Debug|Any CPU
		{733D3E88-ACBA-49D1-999A-36D9091B44AE}.Release|Any CPU.ActiveCfg = Release|Any CPU
		{733D3E88-ACBA-49D1-999A-36D9091B44AE}.Release|Any CPU.Build.0 = Release|Any CPU
		{F967D2F0-C275-4DD5-B522-BAA944A95DFB}.Debug|Any CPU.ActiveCfg = Debug|Any CPU
		{F967D2F0-C275-4DD5-B522-BAA944A95DFB}.Debug|Any CPU.Build.0 = Debug|Any CPU
		{F967D2F0-C275-4DD5-B522-BAA944A95DFB}.Release|Any CPU.ActiveCfg = Release|Any CPU
		{F967D2F0-C275-4DD5-B522-BAA944A95DFB}.Release|Any CPU.Build.0 = Release|Any CPU
	EndGlobalSection
	GlobalSection(SolutionProperties) = preSolution
		HideSolutionNode = FALSE
	EndGlobalSection
	GlobalSection(NestedProjects) = preSolution
		{ABE88C00-9AB2-4233-A9AC-1A7683E9346C} = {02EA681E-C7D8-13C7-8484-4AC65E1B71E8}
		{733D3E88-ACBA-49D1-999A-36D9091B44AE} = {C06DB18C-1A11-4548-9472-F907E000758A}
		{F967D2F0-C275-4DD5-B522-BAA944A95DFB} = {C06DB18C-1A11-4548-9472-F907E000758A}
	EndGlobalSection
	GlobalSection(ExtensibilityGlobals) = postSolution
		SolutionGuid = {A58417B2-89C9-4F50-874E-E45BAA071CA3}
	EndGlobalSection
EndGlobal
